Microsoft Visual Studio Solution File, Format Version 12.00
# Visual Studio Version 17
VisualStudioVersion = 17.8.34212.112
MinimumVisualStudioVersion = 10.0.40219.1
Project("{2150E333-8FDC-42A3-9474-1A3956D46DE8}") = "CS", "CS", "{07E37AC9-4F01-4D1D-B5CB-6524CA36D22A}"
EndProject
Project("{9A19103F-16F7-4668-BE54-9A1E7A4F7556}") = "CreateZipFile", "cs\CreateZipFile\CreateZipFile.csproj", "{DF63551E-BB6C-4A8D-9B01-DB94F721E74A}"
EndProject
Project("{9A19103F-16F7-4668-BE54-9A1E7A4F7556}") = "FastZip", "cs\FastZip\FastZip.csproj", "{61BE8DBC-149A-4564-B891-9EEA4A09ED12}"
EndProject
Project("{9A19103F-16F7-4668-BE54-9A1E7A4F7556}") = "sz", "cs\sz\sz.csproj", "{CE0CEA62-CC91-4D17-BC57-A5FCACCA6A1F}"
EndProject
Project("{9A19103F-16F7-4668-BE54-9A1E7A4F7556}") = "zf", "cs\zf\zf.csproj", "{90E83588-261C-45A3-964F-4B707357D437}"
EndProject
Project("{9A19103F-16F7-4668-BE54-9A1E7A4F7556}") = "UnZipFile", "cs\unzipfile\UnZipFile.csproj", "{DE6AA83B-1EFA-41B0-85D9-49DA1B0202BC}"
EndProject
Project("{9A19103F-16F7-4668-BE54-9A1E7A4F7556}") = "ViewZipFile", "cs\viewzipfile\ViewZipFile.csproj", "{F356B460-0DEA-4F7D-9CD8-7475B9BEC1F7}"
EndProject
Project("{9A19103F-16F7-4668-BE54-9A1E7A4F7556}") = "Cmd_BZip2", "cs\Cmd_BZip2\Cmd_BZip2.csproj", "{7520CE0B-F1D4-4148-8427-BB03669D7672}"
EndProject
Project("{9A19103F-16F7-4668-BE54-9A1E7A4F7556}") = "Cmd_GZip", "cs\Cmd_GZip\Cmd_GZip.csproj", "{301EF496-ED72-4448-A98E-A60D6BF6E0AE}"
EndProject
Project("{9A19103F-16F7-4668-BE54-9A1E7A4F7556}") = "Cmd_Tar", "cs\Cmd_Tar\Cmd_Tar.csproj", "{12C2AD0C-B815-426D-AFF1-7787C2DCA0F0}"
EndProject
Project("{9A19103F-16F7-4668-BE54-9A1E7A4F7556}") = "Cmd_ZipInfo", "cs\Cmd_ZipInfo\Cmd_ZipInfo.csproj", "{4C2CF0B1-FA7B-4FB6-83BA-24A9549AAB02}"
EndProject
Project("{9A19103F-16F7-4668-BE54-9A1E7A4F7556}") = "Cmd_Checksum", "cs\Cmd_Checksum\Cmd_Checksum.csproj", "{82724A84-3399-4C27-91D2-2B2629B9E3F6}"
EndProject
Global
	GlobalSection(SolutionConfigurationPlatforms) = preSolution
		Debug|Any CPU = Debug|Any CPU
		Release|Any CPU = Release|Any CPU
	EndGlobalSection
	GlobalSection(ProjectConfigurationPlatforms) = postSolution
		{DF63551E-BB6C-4A8D-9B01-DB94F721E74A}.Debug|Any CPU.ActiveCfg = Debug|Any CPU
		{DF63551E-BB6C-4A8D-9B01-DB94F721E74A}.Debug|Any CPU.Build.0 = Debug|Any CPU
		{DF63551E-BB6C-4A8D-9B01-DB94F721E74A}.Release|Any CPU.ActiveCfg = Release|Any CPU
		{DF63551E-BB6C-4A8D-9B01-DB94F721E74A}.Release|Any CPU.Build.0 = Release|Any CPU
		{61BE8DBC-149A-4564-B891-9EEA4A09ED12}.Debug|Any CPU.ActiveCfg = Debug|Any CPU
		{61BE8DBC-149A-4564-B891-9EEA4A09ED12}.Debug|Any CPU.Build.0 = Debug|Any CPU
		{61BE8DBC-149A-4564-B891-9EEA4A09ED12}.Release|Any CPU.ActiveCfg = Release|Any CPU
		{61BE8DBC-149A-4564-B891-9EEA4A09ED12}.Release|Any CPU.Build.0 = Release|Any CPU
		{CE0CEA62-CC91-4D17-BC57-A5FCACCA6A1F}.Debug|Any CPU.ActiveCfg = Debug|Any CPU
		{CE0CEA62-CC91-4D17-BC57-A5FCACCA6A1F}.Debug|Any CPU.Build.0 = Debug|Any CPU
		{CE0CEA62-CC91-4D17-BC57-A5FCACCA6A1F}.Release|Any CPU.ActiveCfg = Release|Any CPU
		{CE0CEA62-CC91-4D17-BC57-A5FCACCA6A1F}.Release|Any CPU.Build.0 = Release|Any CPU
		{90E83588-261C-45A3-964F-4B707357D437}.Debug|Any CPU.ActiveCfg = Debug|Any CPU
		{90E83588-261C-45A3-964F-4B707357D437}.Debug|Any CPU.Build.0 = Debug|Any CPU
		{90E83588-261C-45A3-964F-4B707357D437}.Release|Any CPU.ActiveCfg = Release|Any CPU
		{90E83588-261C-45A3-964F-4B707357D437}.Release|Any CPU.Build.0 = Release|Any CPU
		{DE6AA83B-1EFA-41B0-85D9-49DA1B0202BC}.Debug|Any CPU.ActiveCfg = Debug|Any CPU
		{DE6AA83B-1EFA-41B0-85D9-49DA1B0202BC}.Debug|Any CPU.Build.0 = Debug|Any CPU
		{DE6AA83B-1EFA-41B0-85D9-49DA1B0202BC}.Release|Any CPU.ActiveCfg = Release|Any CPU
		{DE6AA83B-1EFA-41B0-85D9-49DA1B0202BC}.Release|Any CPU.Build.0 = Release|Any CPU
		{F356B460-0DEA-4F7D-9CD8-7475B9BEC1F7}.Debug|Any CPU.ActiveCfg = Debug|Any CPU
		{F356B460-0DEA-4F7D-9CD8-7475B9BEC1F7}.Debug|Any CPU.Build.0 = Debug|Any CPU
		{F356B460-0DEA-4F7D-9CD8-7475B9BEC1F7}.Release|Any CPU.ActiveCfg = Release|Any CPU
		{F356B460-0DEA-4F7D-9CD8-7475B9BEC1F7}.Release|Any CPU.Build.0 = Release|Any CPU
		{7520CE0B-F1D4-4148-8427-BB03669D7672}.Debug|Any CPU.ActiveCfg = Debug|Any CPU
		{7520CE0B-F1D4-4148-8427-BB03669D7672}.Debug|Any CPU.Build.0 = Debug|Any CPU
		{7520CE0B-F1D4-4148-8427-BB03669D7672}.Release|Any CPU.ActiveCfg = Release|Any CPU
		{7520CE0B-F1D4-4148-8427-BB03669D7672}.Release|Any CPU.Build.0 = Release|Any CPU
		{301EF496-ED72-4448-A98E-A60D6BF6E0AE}.Debug|Any CPU.ActiveCfg = Debug|Any CPU
		{301EF496-ED72-4448-A98E-A60D6BF6E0AE}.Debug|Any CPU.Build.0 = Debug|Any CPU
		{301EF496-ED72-4448-A98E-A60D6BF6E0AE}.Release|Any CPU.ActiveCfg = Release|Any CPU
		{301EF496-ED72-4448-A98E-A60D6BF6E0AE}.Release|Any CPU.Build.0 = Release|Any CPU
		{12C2AD0C-B815-426D-AFF1-7787C2DCA0F0}.Debug|Any CPU.ActiveCfg = Debug|Any CPU
		{12C2AD0C-B815-426D-AFF1-7787C2DCA0F0}.Debug|Any CPU.Build.0 = Debug|Any CPU
		{12C2AD0C-B815-426D-AFF1-7787C2DCA0F0}.Release|Any CPU.ActiveCfg = Release|Any CPU
		{12C2AD0C-B815-426D-AFF1-7787C2DCA0F0}.Release|Any CPU.Build.0 = Release|Any CPU
		{4C2CF0B1-FA7B-4FB6-83BA-24A9549AAB02}.Debug|Any CPU.ActiveCfg = Debug|Any CPU
		{4C2CF0B1-FA7B-4FB6-83BA-24A9549AAB02}.Debug|Any CPU.Build.0 = Debug|Any CPU
		{4C2CF0B1-FA7B-4FB6-83BA-24A9549AAB02}.Release|Any CPU.ActiveCfg = Release|Any CPU
		{4C2CF0B1-FA7B-4FB6-83BA-24A9549AAB02}.Release|Any CPU.Build.0 = Release|Any CPU
		{82724A84-3399-4C27-91D2-2B2629B9E3F6}.Debug|Any CPU.ActiveCfg = Debug|Any CPU
		{82724A84-3399-4C27-91D2-2B2629B9E3F6}.Debug|Any CPU.Build.0 = Debug|Any CPU
		{82724A84-3399-4C27-91D2-2B2629B9E3F6}.Release|Any CPU.ActiveCfg = Release|Any CPU
		{82724A84-3399-4C27-91D2-2B2629B9E3F6}.Release|Any CPU.Build.0 = Release|Any CPU
	EndGlobalSection
	GlobalSection(SolutionProperties) = preSolution
		HideSolutionNode = FALSE
	EndGlobalSection
	GlobalSection(NestedProjects) = preSolution
		{DF63551E-BB6C-4A8D-9B01-DB94F721E74A} = {07E37AC9-4F01-4D1D-B5CB-6524CA36D22A}
		{61BE8DBC-149A-4564-B891-9EEA4A09ED12} = {07E37AC9-4F01-4D1D-B5CB-6524CA36D22A}
		{CE0CEA62-CC91-4D17-BC57-A5FCACCA6A1F} = {07E37AC9-4F01-4D1D-B5CB-6524CA36D22A}
		{90E83588-261C-45A3-964F-4B707357D437} = {07E37AC9-4F01-4D1D-B5CB-6524CA36D22A}
		{DE6AA83B-1EFA-41B0-85D9-49DA1B0202BC} = {07E37AC9-4F01-4D1D-B5CB-6524CA36D22A}
		{F356B460-0DEA-4F7D-9CD8-7475B9BEC1F7} = {07E37AC9-4F01-4D1D-B5CB-6524CA36D22A}
		{7520CE0B-F1D4-4148-8427-BB03669D7672} = {07E37AC9-4F01-4D1D-B5CB-6524CA36D22A}
		{301EF496-ED72-4448-A98E-A60D6BF6E0AE} = {07E37AC9-4F01-4D1D-B5CB-6524CA36D22A}
		{12C2AD0C-B815-426D-AFF1-7787C2DCA0F0} = {07E37AC9-4F01-4D1D-B5CB-6524CA36D22A}
		{4C2CF0B1-FA7B-4FB6-83BA-24A9549AAB02} = {07E37AC9-4F01-4D1D-B5CB-6524CA36D22A}
		{82724A84-3399-4C27-91D2-2B2629B9E3F6} = {07E37AC9-4F01-4D1D-B5CB-6524CA36D22A}
	EndGlobalSection
EndGlobal
